
Microsoft Visual Studio Solution File, Format Version 12.00
# Visual Studio Version 17
VisualStudioVersion = 17.11.35312.102
MinimumVisualStudioVersion = 10.0.40219.1
Project("{FAE04EC0-301F-11D3-BF4B-00C04F79EFBC}") = "OscSimpleShitApp", "OscSimpleShitApp\OscSimpleShitApp.csproj", "{A39D33F1-763C-42A4-83A4-323C0D69666F}"
EndProject
Project("{9A19103F-16F7-4668-BE54-9A1E7A4F7556}") = "CoreOSC", "..\..\Projects\CoreOsc\CoreOSC\CoreOSC.csproj", "{20BF5AE9-E6D4-4131-ABA1-0381CD23E8E2}"
EndProject
Global
	GlobalSection(SolutionConfigurationPlatforms) = preSolution
		Debug|Any CPU = Debug|Any CPU
		Release|Any CPU = Release|Any CPU
	EndGlobalSection
	GlobalSection(ProjectConfigurationPlatforms) = postSolution
		{A39D33F1-763C-42A4-83A4-323C0D69666F}.Debug|Any CPU.ActiveCfg = Debug|Any CPU
		{A39D33F1-763C-42A4-83A4-323C0D69666F}.Debug|Any CPU.Build.0 = Debug|Any CPU
		{A39D33F1-763C-42A4-83A4-323C0D69666F}.Release|Any CPU.ActiveCfg = Release|Any CPU
		{A39D33F1-763C-42A4-83A4-323C0D69666F}.Release|Any CPU.Build.0 = Release|Any CPU
		{20BF5AE9-E6D4-4131-ABA1-0381CD23E8E2}.Debug|Any CPU.ActiveCfg = Debug|Any CPU
		{20BF5AE9-E6D4-4131-ABA1-0381CD23E8E2}.Debug|Any CPU.Build.0 = Debug|Any CPU
		{20BF5AE9-E6D4-4131-ABA1-0381CD23E8E2}.Release|Any CPU.ActiveCfg = Release|Any CPU
		{20BF5AE9-E6D4-4131-ABA1-0381CD23E8E2}.Release|Any CPU.Build.0 = Release|Any CPU
	EndGlobalSection
	GlobalSection(SolutionProperties) = preSolution
		HideSolutionNode = FALSE
	EndGlobalSection
	GlobalSection(ExtensibilityGlobals) = postSolution
		SolutionGuid = {122BE56A-6063-452F-9560-3B9FCAE6ABED}
	EndGlobalSection
EndGlobal
